// !$*UTF8*$!
{
	archiveVersion = 1;
	classes = {
	};
	objectVersion = 77;
	objects = {

/* Begin PBXContainerItemProxy section */
		6B1023BD2ED8CB0600A79603 /* PBXContainerItemProxy */ = {
			isa = PBXContainerItemProxy;
			containerPortal = 6B1023A72ED8CB0500A79603 /* Project object */;
			proxyType = 1;
			remoteGlobalIDString = 6B1023AE2ED8CB0500A79603;
			remoteInfo = passwordgenerator;
		};
		6B1023C72ED8CB0600A79603 /* PBXContainerItemProxy */ = {
			isa = PBXContainerItemProxy;
			containerPortal = 6B1023A72ED8CB0500A79603 /* Project object */;
			proxyType = 1;
			remoteGlobalIDString = 6B1023AE2ED8CB0500A79603;
			remoteInfo = passwordgenerator;
		};
/* End PBXContainerItemProxy section */

/* Begin PBXFileReference section */
		6B1023AF2ED8CB0500A79603 /* passwordgenerator.app */ = {isa = PBXFileReference; explicitFileType = wrapper.application; includeInIndex = 0; path = passwordgenerator.app; sourceTree = BUILT_PRODUCTS_DIR; };
		6B1023BC2ED8CB0600A79603 /* passwordgeneratorTests.xctest */ = {isa = PBXFileReference; explicitFileType = wrapper.cfbundle; includeInIndex = 0; path = passwordgeneratorTests.xctest; sourceTree = BUILT_PRODUCTS_DIR; };
		6B1023C62ED8CB0600A79603 /* passwordgeneratorUITests.xctest */ = {isa = PBXFileReference; explicitFileType = wrapper.cfbundle; includeInIndex = 0; path = passwordgeneratorUITests.xctest; sourceTree = BUILT_PRODUCTS_DIR; };
/* End PBXFileReference section */

/* Begin PBXFileSystemSynchronizedRootGroup section */
		6B1023B12ED8CB0500A79603 /* passwordgenerator */ = {
			isa = PBXFileSystemSynchronizedRootGroup;
			path = passwordgenerator;
			sourceTree = "<group>";
		};
		6B1023BF2ED8CB0600A79603 /* passwordgeneratorTests */ = {
			isa = PBXFileSystemSynchronizedRootGroup;
			path = passwordgeneratorTests;
			sourceTree = "<group>";
		};
		6B1023C92ED8CB0600A79603 /* passwordgeneratorUITests */ = {
			isa = PBXFileSystemSynchronizedRootGroup;
			path = passwordgeneratorUITests;
			sourceTree = "<group>";
		};
/* End PBXFileSystemSynchronizedRootGroup section */

/* Begin PBXFrameworksBuildPhase section */
		6B1023AC2ED8CB0500A79603 /* Frameworks */ = {
			isa = PBXFrameworksBuildPhase;
			buildActionMask = 2147483647;
			files = (
			);
			runOnlyForDeploymentPostprocessing = 0;
		};
		6B1023B92ED8CB0600A79603 /* Frameworks */ = {
			isa = PBXFrameworksBuildPhase;
			buildActionMask = 2147483647;
			files = (
			);
			runOnlyForDeploymentPostprocessing = 0;
		};
		6B1023C32ED8CB0600A79603 /* Frameworks */ = {
			isa = PBXFrameworksBuildPhase;
			buildActionMask = 2147483647;
			files = (
			);
			runOnlyForDeploymentPostprocessing = 0;
		};
/* End PBXFrameworksBuildPhase section */

/* Begin PBXGroup section */
		6B1023A62ED8CB0500A79603 = {
			isa = PBXGroup;
			children = (
				6B1023B12ED8CB0500A79603 /* passwordgenerator */,
				6B1023BF2ED8CB0600A79603 /* passwordgeneratorTests */,
				6B1023C92ED8CB0600A79603 /* passwordgeneratorUITests */,
				6B1023B02ED8CB0500A79603 /* Products */,
			);
			sourceTree = "<group>";
		};
		6B1023B02ED8CB0500A79603 /* Products */ = {
			isa = PBXGroup;
			children = (
				6B1023AF2ED8CB0500A79603 /* passwordgenerator.app */,
				6B1023BC2ED8CB0600A79603 /* passwordgeneratorTests.xctest */,
				6B1023C62ED8CB0600A79603 /* passwordgeneratorUITests.xctest */,
			);
			name = Products;
			sourceTree = "<group>";
		};
/* End PBXGroup section */

/* Begin PBXNativeTarget section */
		6B1023AE2ED8CB0500A79603 /* passwordgenerator */ = {
			isa = PBXNativeTarget;
			buildConfigurationList = 6B1023D02ED8CB0600A79603 /* Build configuration list for PBXNativeTarget "passwordgenerator" */;
			buildPhases = (
				6B1023AB2ED8CB0500A79603 /* Sources */,
				6B1023AC2ED8CB0500A79603 /* Frameworks */,
				6B1023AD2ED8CB0500A79603 /* Resources */,
			);
			buildRules = (
			);
			dependencies = (
			);
			fileSystemSynchronizedGroups = (
				6B1023B12ED8CB0500A79603 /* passwordgenerator */,
			);
			name = passwordgenerator;
			packageProductDependencies = (
			);
			productName = passwordgenerator;
			productReference = 6B1023AF2ED8CB0500A79603 /* passwordgenerator.app */;
			productType = "com.apple.product-type.application";
		};
		6B1023BB2ED8CB0600A79603 /* passwordgeneratorTests */ = {
			isa = PBXNativeTarget;
			buildConfigurationList = 6B1023D32ED8CB0600A79603 /* Build configuration list for PBXNativeTarget "passwordgeneratorTests" */;
			buildPhases = (
				6B1023B82ED8CB0600A79603 /* Sources */,
				6B1023B92ED8CB0600A79603 /* Frameworks */,
				6B1023BA2ED8CB0600A79603 /* Resources */,
			);
			buildRules = (
			);
			dependencies = (
				6B1023BE2ED8CB0600A79603 /* PBXTargetDependency */,
			);
			fileSystemSynchronizedGroups = (
				6B1023BF2ED8CB0600A79603 /* passwordgeneratorTests */,
			);
			name = passwordgeneratorTests;
			packageProductDependencies = (
			);
			productName = passwordgeneratorTests;
			productReference = 6B1023BC2ED8CB0600A79603 /* passwordgeneratorTests.xctest */;
			productType = "com.apple.product-type.bundle.unit-test";
		};
		6B1023C52ED8CB0600A79603 /* passwordgeneratorUITests */ = {
			isa = PBXNativeTarget;
			buildConfigurationList = 6B1023D62ED8CB0600A79603 /* Build configuration list for PBXNativeTarget "passwordgeneratorUITests" */;
			buildPhases = (
				6B1023C22ED8CB0600A79603 /* Sources */,
				6B1023C32ED8CB0600A79603 /* Frameworks */,
				6B1023C42ED8CB0600A79603 /* Resources */,
			);
			buildRules = (
			);
			dependencies = (
				6B1023C82ED8CB0600A79603 /* PBXTargetDependency */,
			);
			fileSystemSynchronizedGroups = (
				6B1023C92ED8CB0600A79603 /* passwordgeneratorUITests */,
			);
			name = passwordgeneratorUITests;
			packageProductDependencies = (
			);
			productName = passwordgeneratorUITests;
			productReference = 6B1023C62ED8CB0600A79603 /* passwordgeneratorUITests.xctest */;
			productType = "com.apple.product-type.bundle.ui-testing";
		};
/* End PBXNativeTarget section */

/* Begin PBXProject section */
		6B1023A72ED8CB0500A79603 /* Project object */ = {
			isa = PBXProject;
			attributes = {
				BuildIndependentTargetsInParallel = 1;
				LastSwiftUpdateCheck = 1640;
				LastUpgradeCheck = 1640;
				TargetAttributes = {
					6B1023AE2ED8CB0500A79603 = {
						CreatedOnToolsVersion = 16.4;
					};
					6B1023BB2ED8CB0600A79603 = {
						CreatedOnToolsVersion = 16.4;
						TestTargetID = 6B1023AE2ED8CB0500A79603;
					};
					6B1023C52ED8CB0600A79603 = {
						CreatedOnToolsVersion = 16.4;
						TestTargetID = 6B1023AE2ED8CB0500A79603;
					};
				};
			};
			buildConfigurationList = 6B1023AA2ED8CB0500A79603 /* Build configuration list for PBXProject "passwordgenerator" */;
			developmentRegion = en;
			hasScannedForEncodings = 0;
			knownRegions = (
				en,
				Base,
			);
			mainGroup = 6B1023A62ED8CB0500A79603;
			minimizedProjectReferenceProxies = 1;
			preferredProjectObjectVersion = 77;
			productRefGroup = 6B1023B02ED8CB0500A79603 /* Products */;
			projectDirPath = "";
			projectRoot = "";
			targets = (
				6B1023AE2ED8CB0500A79603 /* passwordgenerator */,
				6B1023BB2ED8CB0600A79603 /* passwordgeneratorTests */,
				6B1023C52ED8CB0600A79603 /* passwordgeneratorUITests */,
			);
		};
/* End PBXProject section */

/* Begin PBXResourcesBuildPhase section */
		6B1023AD2ED8CB0500A79603 /* Resources */ = {
			isa = PBXResourcesBuildPhase;
			buildActionMask = 2147483647;
			files = (
			);
			runOnlyForDeploymentPostprocessing = 0;
		};
		6B1023BA2ED8CB0600A79603 /* Resources */ = {
			isa = PBXResourcesBuildPhase;
			buildActionMask = 2147483647;
			files = (
			);
			runOnlyForDeploymentPostprocessing = 0;
		};
		6B1023C42ED8CB0600A79603 /* Resources */ = {
			isa = PBXResourcesBuildPhase;
			buildActionMask = 2147483647;
			files = (
			);
			runOnlyForDeploymentPostprocessing = 0;
		};
/* End PBXResourcesBuildPhase section */

/* Begin PBXSourcesBuildPhase section */
		6B1023AB2ED8CB0500A79603 /* Sources */ = {
			isa = PBXSourcesBuildPhase;
			buildActionMask = 2147483647;
			files = (
			);
			runOnlyForDeploymentPostprocessing = 0;
		};
		6B1023B82ED8CB0600A79603 /* Sources */ = {
			isa = PBXSourcesBuildPhase;
			buildActionMask = 2147483647;
			files = (
			);
			runOnlyForDeploymentPostprocessing = 0;
		};
		6B1023C22ED8CB0600A79603 /* Sources */ = {
			isa = PBXSourcesBuildPhase;
			buildActionMask = 2147483647;
			files = (
			);
			runOnlyForDeploymentPostprocessing = 0;
		};
/* End PBXSourcesBuildPhase section */

/* Begin PBXTargetDependency section */
		6B1023BE2ED8CB0600A79603 /* PBXTargetDependency */ = {
			isa = PBXTargetDependency;
			target = 6B1023AE2ED8CB0500A79603 /* passwordgenerator */;
			targetProxy = 6B1023BD2ED8CB0600A79603 /* PBXContainerItemProxy */;
		};
		6B1023C82ED8CB0600A79603 /* PBXTargetDependency */ = {
			isa = PBXTargetDependency;
			target = 6B1023AE2ED8CB0500A79603 /* passwordgenerator */;
			targetProxy = 6B1023C72ED8CB0600A79603 /* PBXContainerItemProxy */;
		};
/* End PBXTargetDependency section */

/* Begin XCBuildConfiguration section */
		6B1023CE2ED8CB0600A79603 /* Debug */ = {
			isa = XCBuildConfiguration;
			buildSettings = {
				ALWAYS_SEARCH_USER_PATHS = NO;
				ASSETCATALOG_COMPILER_GENERATE_SWIFT_ASSET_SYMBOL_EXTENSIONS = YES;
				CLANG_ANALYZER_NONNULL = YES;
				CLANG_ANALYZER_NUMBER_OBJECT_CONVERSION = YES_AGGRESSIVE;
				CLANG_CXX_LANGUAGE_STANDARD = "gnu++20";
				CLANG_ENABLE_MODULES = YES;
				CLANG_ENABLE_OBJC_ARC = YES;
				CLANG_ENABLE_OBJC_WEAK = YES;
				CLANG_WARN_BLOCK_CAPTURE_AUTORELEASING = YES;
				CLANG_WARN_BOOL_CONVERSION = YES;
				CLANG_WARN_COMMA = YES;
				CLANG_WARN_CONSTANT_CONVERSION = YES;
				CLANG_WARN_DEPRECATED_OBJC_IMPLEMENTATIONS = YES;
				CLANG_WARN_DIRECT_OBJC_ISA_USAGE = YES_ERROR;
				CLANG_WARN_DOCUMENTATION_COMMENTS = YES;
				CLANG_WARN_EMPTY_BODY = YES;
				CLANG_WARN_ENUM_CONVERSION = YES;
				CLANG_WARN_INFINITE_RECURSION = YES;
				CLANG_WARN_INT_CONVERSION = YES;
				CLANG_WARN_NON_LITERAL_NULL_CONVERSION = YES;
				CLANG_WARN_OBJC_IMPLICIT_RETAIN_SELF = YES;
				CLANG_WARN_OBJC_LITERAL_CONVERSION = YES;
				CLANG_WARN_OBJC_ROOT_CLASS = YES_ERROR;
				CLANG_WARN_QUOTED_INCLUDE_IN_FRAMEWORK_HEADER = YES;
				CLANG_WARN_RANGE_LOOP_ANALYSIS = YES;
				CLANG_WARN_STRICT_PROTOTYPES = YES;
				CLANG_WARN_SUSPICIOUS_MOVE = YES;
				CLANG_WARN_UNGUARDED_AVAILABILITY = YES_AGGRESSIVE;
				CLANG_WARN_UNREACHABLE_CODE = YES;
				CLANG_WARN__DUPLICATE_METHOD_MATCH = YES;
				COPY_PHASE_STRIP = NO;
				DEBUG_INFORMATION_FORMAT = dwarf;
				ENABLE_STRICT_OBJC_MSGSEND = YES;
				ENABLE_TESTABILITY = YES;
				ENABLE_USER_SCRIPT_SANDBOXING = YES;
				GCC_C_LANGUAGE_STANDARD = gnu17;
				GCC_DYNAMIC_NO_PIC = NO;
				GCC_NO_COMMON_BLOCKS = YES;
				GCC_OPTIMIZATION_LEVEL = 0;
				GCC_PREPROCESSOR_DEFINITIONS = (
					"DEBUG=1",
					"$(inherited)",
				);
				GCC_WARN_64_TO_32_BIT_CONVERSION = YES;
				GCC_WARN_ABOUT_RETURN_TYPE = YES_ERROR;
				GCC_WARN_UNDECLARED_SELECTOR = YES;
				GCC_WARN_UNINITIALIZED_AUTOS = YES_AGGRESSIVE;
				GCC_WARN_UNUSED_FUNCTION = YES;
				GCC_WARN_UNUSED_VARIABLE = YES;
				IPHONEOS_DEPLOYMENT_TARGET = 18.5;
				LOCALIZATION_PREFERS_STRING_CATALOGS = YES;
				MTL_ENABLE_DEBUG_INFO = INCLUDE_SOURCE;
				MTL_FAST_MATH = YES;
				ONLY_ACTIVE_ARCH = YES;
				SDKROOT = iphoneos;
				SWIFT_ACTIVE_COMPILATION_CONDITIONS = "DEBUG $(inherited)";
				SWIFT_OPTIMIZATION_LEVEL = "-Onone";
			};
			name = Debug;
		};
		6B1023CF2ED8CB0600A79603 /* Release */ = {
			isa = XCBuildConfiguration;
			buildSettings = {
				ALWAYS_SEARCH_USER_PATHS = NO;
				ASSETCATALOG_COMPILER_GENERATE_SWIFT_ASSET_SYMBOL_EXTENSIONS = YES;
				CLANG_ANALYZER_NONNULL = YES;
				CLANG_ANALYZER_NUMBER_OBJECT_CONVERSION = YES_AGGRESSIVE;
				CLANG_CXX_LANGUAGE_STANDARD = "gnu++20";
				CLANG_ENABLE_MODULES = YES;
				CLANG_ENABLE_OBJC_ARC = YES;
				CLANG_ENABLE_OBJC_WEAK = YES;
				CLANG_WARN_BLOCK_CAPTURE_AUTORELEASING = YES;
				CLANG_WARN_BOOL_CONVERSION = YES;
				CLANG_WARN_COMMA = YES;
				CLANG_WARN_CONSTANT_CONVERSION = YES;
				CLANG_WARN_DEPRECATED_OBJC_IMPLEMENTATIONS = YES;
				CLANG_WARN_DIRECT_OBJC_ISA_USAGE = YES_ERROR;
				CLANG_WARN_DOCUMENTATION_COMMENTS = YES;
				CLANG_WARN_EMPTY_BODY = YES;
				CLANG_WARN_ENUM_CONVERSION = YES;
				CLANG_WARN_INFINITE_RECURSION = YES;
				CLANG_WARN_INT_CONVERSION = YES;
				CLANG_WARN_NON_LITERAL_NULL_CONVERSION = YES;
				CLANG_WARN_OBJC_IMPLICIT_RETAIN_SELF = YES;
				CLANG_WARN_OBJC_LITERAL_CONVERSION = YES;
				CLANG_WARN_OBJC_ROOT_CLASS = YES_ERROR;
				CLANG_WARN_QUOTED_INCLUDE_IN_FRAMEWORK_HEADER = YES;
				CLANG_WARN_RANGE_LOOP_ANALYSIS = YES;
				CLANG_WARN_STRICT_PROTOTYPES = YES;
				CLANG_WARN_SUSPICIOUS_MOVE = YES;
				CLANG_WARN_UNGUARDED_AVAILABILITY = YES_AGGRESSIVE;
				CLANG_WARN_UNREACHABLE_CODE = YES;
				CLANG_WARN__DUPLICATE_METHOD_MATCH = YES;
				COPY_PHASE_STRIP = NO;
				DEBUG_INFORMATION_FORMAT = "dwarf-with-dsym";
				ENABLE_NS_ASSERTIONS = NO;
				ENABLE_STRICT_OBJC_MSGSEND = YES;
				ENABLE_USER_SCRIPT_SANDBOXING = YES;
				GCC_C_LANGUAGE_STANDARD = gnu17;
				GCC_NO_COMMON_BLOCKS = YES;
				GCC_WARN_64_TO_32_BIT_CONVERSION = YES;
				GCC_WARN_ABOUT_RETURN_TYPE = YES_ERROR;
				GCC_WARN_UNDECLARED_SELECTOR = YES;
				GCC_WARN_UNINITIALIZED_AUTOS = YES_AGGRESSIVE;
				GCC_WARN_UNUSED_FUNCTION = YES;
				GCC_WARN_UNUSED_VARIABLE = YES;
				IPHONEOS_DEPLOYMENT_TARGET = 18.5;
				LOCALIZATION_PREFERS_STRING_CATALOGS = YES;
				MTL_ENABLE_DEBUG_INFO = NO;
				MTL_FAST_MATH = YES;
				SDKROOT = iphoneos;
				SWIFT_COMPILATION_MODE = wholemodule;
				VALIDATE_PRODUCT = YES;
			};
			name = Release;
		};
		6B1023D12ED8CB0600A79603 /* Debug */ = {
			isa = XCBuildConfiguration;
			buildSettings = {
				ASSETCATALOG_COMPILER_APPICON_NAME = AppIcon;
				ASSETCATALOG_COMPILER_GLOBAL_ACCENT_COLOR_NAME = AccentColor;
				CODE_SIGN_STYLE = Automatic;
				CURRENT_PROJECT_VERSION = 1;
				ENABLE_PREVIEWS = YES;
				GENERATE_INFOPLIST_FILE = YES;
				INFOPLIST_KEY_UIApplicationSceneManifest_Generation = YES;
				INFOPLIST_KEY_UIApplicationSupportsIndirectInputEvents = YES;
				INFOPLIST_KEY_UILaunchScreen_Generation = YES;
				INFOPLIST_KEY_UISupportedInterfaceOrientations_iPad = "UIInterfaceOrientationPortrait UIInterfaceOrientationPortraitUpsideDown UIInterfaceOrientationLandscapeLeft UIInterfaceOrientationLandscapeRight";
				INFOPLIST_KEY_UISupportedInterfaceOrientations_iPhone = "UIInterfaceOrientationPortrait UIInterfaceOrientationLandscapeLeft UIInterfaceOrientationLandscapeRight";
				LD_RUNPATH_SEARCH_PATHS = (
					"$(inherited)",
					"@executable_path/Frameworks",
				);
				MARKETING_VERSION = 1.0;
				PRODUCT_BUNDLE_IDENTIFIER = com.asndeveloper.in.passwordgenerator;
				PRODUCT_NAME = "$(TARGET_NAME)";
				SWIFT_EMIT_LOC_STRINGS = YES;
				SWIFT_VERSION = 5.0;
				TARGETED_DEVICE_FAMILY = "1,2";
			};
			name = Debug;
		};
		6B1023D22ED8CB0600A79603 /* Release */ = {
			isa = XCBuildConfiguration;
			buildSettings = {
				ASSETCATALOG_COMPILER_APPICON_NAME = AppIcon;
				ASSETCATALOG_COMPILER_GLOBAL_ACCENT_COLOR_NAME = AccentColor;
				CODE_SIGN_STYLE = Automatic;
				CURRENT_PROJECT_VERSION = 1;
				ENABLE_PREVIEWS = YES;
				GENERATE_INFOPLIST_FILE = YES;
				INFOPLIST_KEY_UIApplicationSceneManifest_Generation = YES;
				INFOPLIST_KEY_UIApplicationSupportsIndirectInputEvents = YES;
				INFOPLIST_KEY_UILaunchScreen_Generation = YES;
				INFOPLIST_KEY_UISupportedInterfaceOrientations_iPad = "UIInterfaceOrientationPortrait UIInterfaceOrientationPortraitUpsideDown UIInterfaceOrientationLandscapeLeft UIInterfaceOrientationLandscapeRight";
				INFOPLIST_KEY_UISupportedInterfaceOrientations_iPhone = "UIInterfaceOrientationPortrait UIInterfaceOrientationLandscapeLeft UIInterfaceOrientationLandscapeRight";
				LD_RUNPATH_SEARCH_PATHS = (
					"$(inherited)",
					"@executable_path/Frameworks",
				);
				MARKETING_VERSION = 1.0;
				PRODUCT_BUNDLE_IDENTIFIER = com.asndeveloper.in.passwordgenerator;
				PRODUCT_NAME = "$(TARGET_NAME)";
				SWIFT_EMIT_LOC_STRINGS = YES;
				SWIFT_VERSION = 5.0;
				TARGETED_DEVICE_FAMILY = "1,2";
			};
			name = Release;
		};
		6B1023D42ED8CB0600A79603 /* Debug */ = {
			isa = XCBuildConfiguration;
			buildSettings = {
				BUNDLE_LOADER = "$(TEST_HOST)";
				CODE_SIGN_STYLE = Automatic;
				CURRENT_PROJECT_VERSION = 1;
				GENERATE_INFOPLIST_FILE = YES;
				IPHONEOS_DEPLOYMENT_TARGET = 18.5;
				MARKETING_VERSION = 1.0;
				PRODUCT_BUNDLE_IDENTIFIER = com.asndeveloper.in.passwordgeneratorTests;
				PRODUCT_NAME = "$(TARGET_NAME)";
				SWIFT_EMIT_LOC_STRINGS = NO;
				SWIFT_VERSION = 5.0;
				TARGETED_DEVICE_FAMILY = "1,2";
				TEST_HOST = "$(BUILT_PRODUCTS_DIR)/passwordgenerator.app/$(BUNDLE_EXECUTABLE_FOLDER_PATH)/passwordgenerator";
			};
			name = Debug;
		};
		6B1023D52ED8CB0600A79603 /* Release */ = {
			isa = XCBuildConfiguration;
			buildSettings = {
				BUNDLE_LOADER = "$(TEST_HOST)";
				CODE_SIGN_STYLE = Automatic;
				CURRENT_PROJECT_VERSION = 1;
				GENERATE_INFOPLIST_FILE = YES;
				IPHONEOS_DEPLOYMENT_TARGET = 18.5;
				MARKETING_VERSION = 1.0;
				PRODUCT_BUNDLE_IDENTIFIER = com.asndeveloper.in.passwordgeneratorTests;
				PRODUCT_NAME = "$(TARGET_NAME)";
				SWIFT_EMIT_LOC_STRINGS = NO;
				SWIFT_VERSION = 5.0;
				TARGETED_DEVICE_FAMILY = "1,2";
				TEST_HOST = "$(BUILT_PRODUCTS_DIR)/passwordgenerator.app/$(BUNDLE_EXECUTABLE_FOLDER_PATH)/passwordgenerator";
			};
			name = Release;
		};
		6B1023D72ED8CB0600A79603 /* Debug */ = {
			isa = XCBuildConfiguration;
			buildSettings = {
				CODE_SIGN_STYLE = Automatic;
				CURRENT_PROJECT_VERSION = 1;
				GENERATE_INFOPLIST_FILE = YES;
				MARKETING_VERSION = 1.0;
				PRODUCT_BUNDLE_IDENTIFIER = com.asndeveloper.in.passwordgeneratorUITests;
				PRODUCT_NAME = "$(TARGET_NAME)";
				SWIFT_EMIT_LOC_STRINGS = NO;
				SWIFT_VERSION = 5.0;
				TARGETED_DEVICE_FAMILY = "1,2";
				TEST_TARGET_NAME = passwordgenerator;
			};
			name = Debug;
		};
		6B1023D82ED8CB0600A79603 /* Release */ = {
			isa = XCBuildConfiguration;
			buildSettings = {
				CODE_SIGN_STYLE = Automatic;
				CURRENT_PROJECT_VERSION = 1;
				GENERATE_INFOPLIST_FILE = YES;
				MARKETING_VERSION = 1.0;
				PRODUCT_BUNDLE_IDENTIFIER = com.asndeveloper.in.passwordgeneratorUITests;
				PRODUCT_NAME = "$(TARGET_NAME)";
				SWIFT_EMIT_LOC_STRINGS = NO;
				SWIFT_VERSION = 5.0;
				TARGETED_DEVICE_FAMILY = "1,2";
				TEST_TARGET_NAME = passwordgenerator;
			};
			name = Release;
		};
/* End XCBuildConfiguration section */

/* Begin XCConfigurationList section */
		6B1023AA2ED8CB0500A79603 /* Build configuration list for PBXProject "passwordgenerator" */ = {
			isa = XCConfigurationList;
			buildConfigurations = (
				6B1023CE2ED8CB0600A79603 /* Debug */,
				6B1023CF2ED8CB0600A79603 /* Release */,
			);
			defaultConfigurationIsVisible = 0;
			defaultConfigurationName = Release;
		};
		6B1023D02ED8CB0600A79603 /* Build configuration list for PBXNativeTarget "passwordgenerator" */ = {
			isa = XCConfigurationList;
			buildConfigurations = (
				6B1023D12ED8CB0600A79603 /* Debug */,
				6B1023D22ED8CB0600A79603 /* Release */,
			);
			defaultConfigurationIsVisible = 0;
			defaultConfigurationName = Release;
		};
		6B1023D32ED8CB0600A79603 /* Build configuration list for PBXNativeTarget "passwordgeneratorTests" */ = {
			isa = XCConfigurationList;
			buildConfigurations = (
				6B1023D42ED8CB0600A79603 /* Debug */,
				6B1023D52ED8CB0600A79603 /* Release */,
			);
			defaultConfigurationIsVisible = 0;
			defaultConfigurationName = Release;
		};
		6B1023D62ED8CB0600A79603 /* Build configuration list for PBXNativeTarget "passwordgeneratorUITests" */ = {
			isa = XCConfigurationList;
			buildConfigurations = (
				6B1023D72ED8CB0600A79603 /* Debug */,
				6B1023D82ED8CB0600A79603 /* Release */,
			);
			defaultConfigurationIsVisible = 0;
			defaultConfigurationName = Release;
		};
/* End XCConfigurationList section */
	};
	rootObject = 6B1023A72ED8CB0500A79603 /* Project object */;
}
